# THIS IS AN AUTOGENERATED FILE. DO NOT EDIT THIS FILE DIRECTLY.
# yarn lockfile v1


fs@^0.0.2:
  version "0.0.2"
  resolved "https://registry.npmjs.org/fs/-/fs-0.0.2.tgz"
  integrity sha512-YAiVokMCrSIFZiroB1oz51hPiPRVcUtSa4x2U5RYXyhS9VAPdiFigKbPTnOSq7XY8wd3FIVPYmXpo5lMzFmxgg==

papaparse@^5.4.1:
  version "5.4.1"
  resolved "https://registry.npmjs.org/papaparse/-/papaparse-5.4.1.tgz"
  integrity sha512-HipMsgJkZu8br23pW15uvo6sib6wne/4woLZPlFf3rpDyMe9ywEXUsuD7+6K9PRkJlVT51j/sCOYDKGGS3ZJrw==
